
Microsoft Visual Studio Solution File, Format Version 12.00
# Visual Studio 15
VisualStudioVersion = 15.0.28307.136
MinimumVisualStudioVersion = 10.0.40219.1
Project("{9A19103F-16F7-4668-BE54-9A1E7A4F7556}") = "HeldenServer", "HeldenServer\HeldenServer.csproj", "{F6E35A08-B34D-418A-B4B6-F6EF0C35D257}"
EndProject
Project("{2150E333-8FDC-42A3-9474-1A3956D46DE8}") = "Tools", "Tools", "{E5E0BC89-0E5C-4DD1-9E1A-6185AA73A372}"
EndProject
Project("{9A19103F-16F7-4668-BE54-9A1E7A4F7556}") = "MessagesCreator", "Tools\MessagesCreator\MessagesCreator.csproj", "{A2871187-0EFB-4422-9FCD-CE21EC467FD0}"
EndProject
Project("{9A19103F-16F7-4668-BE54-9A1E7A4F7556}") = "Helden.Common", "Helden.Common\Helden.Common.csproj", "{3E8DD7B0-71DA-4CA4-B248-9EA301FACD1F}"
EndProject
Project("{9A19103F-16F7-4668-BE54-9A1E7A4F7556}") = "Helden.Common.Tests", "Helden.Common.Tests\Helden.Common.Tests.csproj", "{12FE17C1-8915-4B9D-9184-3E004B10A128}"
EndProject
Project("{FAE04EC0-301F-11D3-BF4B-00C04F79EFBC}") = "HeldenServer.Database", "HeldenServer.Database\HeldenServer.Database.csproj", "{DD08024D-0301-4B3A-BF5A-3F115F49FF5D}"
EndProject
Global
	GlobalSection(SolutionConfigurationPlatforms) = preSolution
		Debug|Any CPU = Debug|Any CPU
		Release|Any CPU = Release|Any CPU
	EndGlobalSection
	GlobalSection(ProjectConfigurationPlatforms) = postSolution
		{F6E35A08-B34D-418A-B4B6-F6EF0C35D257}.Debug|Any CPU.ActiveCfg = Debug|Any CPU
		{F6E35A08-B34D-418A-B4B6-F6EF0C35D257}.Debug|Any CPU.Build.0 = Debug|Any CPU
		{F6E35A08-B34D-418A-B4B6-F6EF0C35D257}.Release|Any CPU.ActiveCfg = Release|Any CPU
		{F6E35A08-B34D-418A-B4B6-F6EF0C35D257}.Release|Any CPU.Build.0 = Release|Any CPU
		{A2871187-0EFB-4422-9FCD-CE21EC467FD0}.Debug|Any CPU.ActiveCfg = Debug|Any CPU
		{A2871187-0EFB-4422-9FCD-CE21EC467FD0}.Debug|Any CPU.Build.0 = Debug|Any CPU
		{A2871187-0EFB-4422-9FCD-CE21EC467FD0}.Release|Any CPU.ActiveCfg = Release|Any CPU
		{A2871187-0EFB-4422-9FCD-CE21EC467FD0}.Release|Any CPU.Build.0 = Release|Any CPU
		{3E8DD7B0-71DA-4CA4-B248-9EA301FACD1F}.Debug|Any CPU.ActiveCfg = Debug|Any CPU
		{3E8DD7B0-71DA-4CA4-B248-9EA301FACD1F}.Debug|Any CPU.Build.0 = Debug|Any CPU
		{3E8DD7B0-71DA-4CA4-B248-9EA301FACD1F}.Release|Any CPU.ActiveCfg = Release|Any CPU
		{3E8DD7B0-71DA-4CA4-B248-9EA301FACD1F}.Release|Any CPU.Build.0 = Release|Any CPU
		{12FE17C1-8915-4B9D-9184-3E004B10A128}.Debug|Any CPU.ActiveCfg = Debug|Any CPU
		{12FE17C1-8915-4B9D-9184-3E004B10A128}.Debug|Any CPU.Build.0 = Debug|Any CPU
		{12FE17C1-8915-4B9D-9184-3E004B10A128}.Release|Any CPU.ActiveCfg = Release|Any CPU
		{12FE17C1-8915-4B9D-9184-3E004B10A128}.Release|Any CPU.Build.0 = Release|Any CPU
		{DD08024D-0301-4B3A-BF5A-3F115F49FF5D}.Debug|Any CPU.ActiveCfg = Debug|Any CPU
		{DD08024D-0301-4B3A-BF5A-3F115F49FF5D}.Debug|Any CPU.Build.0 = Debug|Any CPU
		{DD08024D-0301-4B3A-BF5A-3F115F49FF5D}.Release|Any CPU.ActiveCfg = Release|Any CPU
		{DD08024D-0301-4B3A-BF5A-3F115F49FF5D}.Release|Any CPU.Build.0 = Release|Any CPU
	EndGlobalSection
	GlobalSection(SolutionProperties) = preSolution
		HideSolutionNode = FALSE
	EndGlobalSection
	GlobalSection(NestedProjects) = preSolution
		{A2871187-0EFB-4422-9FCD-CE21EC467FD0} = {E5E0BC89-0E5C-4DD1-9E1A-6185AA73A372}
	EndGlobalSection
	GlobalSection(ExtensibilityGlobals) = postSolution
		SolutionGuid = {5CA21D2A-9C87-4062-86E2-D45CFD14442D}
	EndGlobalSection
EndGlobal
